
Microsoft Visual Studio Solution File, Format Version 12.00
# Visual Studio Version 17
VisualStudioVersion = 17.14.36414.22
MinimumVisualStudioVersion = 10.0.40219.1
Project("{2150E333-8FDC-42A3-9474-1A3956D46DE8}") = "SRC", "SRC", "{02EA681E-C7D8-13C7-8484-4AC65E1B71E8}"
EndProject
Project("{2150E333-8FDC-42A3-9474-1A3956D46DE8}") = "Services", "Services", "{D81D2260-5750-41E1-B645-D21328C93EAE}"
EndProject
Project("{2150E333-8FDC-42A3-9474-1A3956D46DE8}") = "IDPService", "IDPService", "{99DE2530-0F2E-4DDE-9E46-986CADD6ED51}"
EndProject
Project("{FAE04EC0-301F-11D3-BF4B-00C04F79EFBC}") = "IDPI.Api", "SRC\Services\IDPService\IDPI.Api\IDPI.Api.csproj", "{385EEBCC-D4DF-4D66-AE79-E29D73D89EF2}"
EndProject
Project("{FAE04EC0-301F-11D3-BF4B-00C04F79EFBC}") = "IDP.Domain", "SRC\Services\IDPService\IDP.Domain\IDP.Domain.csproj", "{943B3E97-CBA1-4E51-8E36-B622620D5659}"
EndProject
Project("{FAE04EC0-301F-11D3-BF4B-00C04F79EFBC}") = "IDP.Application", "SRC\Services\IDPService\IDP.Application\IDP.Application.csproj", "{5B7D28D7-2CDF-4113-8478-F03041ACFA3C}"
EndProject
Project("{FAE04EC0-301F-11D3-BF4B-00C04F79EFBC}") = "IDP.Infra", "SRC\Services\IDPService\IDP.Infra\IDP.Infra.csproj", "{BA248F5C-EF6A-4047-977B-D8556F2B7E0B}"
EndProject
Project("{FAE04EC0-301F-11D3-BF4B-00C04F79EFBC}") = "IDP.Ioc", "SRC\Services\IDPService\IDP.Ioc\IDP.Ioc.csproj", "{E7EC91E8-BDD9-4F70-BE5A-3751907DDAF6}"
EndProject
Project("{FAE04EC0-301F-11D3-BF4B-00C04F79EFBC}") = "IDP.UnitTest", "SRC\Services\IDPService\IDP.UnitTest\IDP.UnitTest.csproj", "{FC0F2DFD-F578-4103-A0A9-A313092CEB43}"
EndProject
Project("{2150E333-8FDC-42A3-9474-1A3956D46DE8}") = "Common", "Common", "{A7A84D91-05E1-43A9-9569-134BFCFB7CA5}"
EndProject
Project("{2150E333-8FDC-42A3-9474-1A3956D46DE8}") = "SearchService", "SearchService", "{E8C5FCCC-FB67-43F1-91B0-6547BCCE19F6}"
EndProject
Project("{2150E333-8FDC-42A3-9474-1A3956D46DE8}") = "CatalogService", "CatalogService", "{EF267EE4-CDE7-4BCE-828F-8A1F21BE5FC6}"
EndProject
Project("{2150E333-8FDC-42A3-9474-1A3956D46DE8}") = "OrderService", "OrderService", "{B003025C-048D-4344-AD90-ACBDB40B4170}"
EndProject
Project("{2150E333-8FDC-42A3-9474-1A3956D46DE8}") = "BasketService", "BasketService", "{D079DE76-CA9A-4B40-9D12-D18560B83F0B}"
EndProject
Project("{2150E333-8FDC-42A3-9474-1A3956D46DE8}") = "ReportService", "ReportService", "{148431FF-A92F-4D23-954D-C81F84568610}"
EndProject
Project("{2150E333-8FDC-42A3-9474-1A3956D46DE8}") = "ApiGateway", "ApiGateway", "{E328C7F7-4D8A-49F7-B9C4-FE7B1E43AC76}"
EndProject
Project("{FAE04EC0-301F-11D3-BF4B-00C04F79EFBC}") = "Auth", "SRC\Common\Auth\Auth.csproj", "{59F90380-3827-4BDA-B78A-87189D4C899F}"
EndProject
Global
	GlobalSection(SolutionConfigurationPlatforms) = preSolution
		Debug|Any CPU = Debug|Any CPU
		Release|Any CPU = Release|Any CPU
	EndGlobalSection
	GlobalSection(ProjectConfigurationPlatforms) = postSolution
		{385EEBCC-D4DF-4D66-AE79-E29D73D89EF2}.Debug|Any CPU.ActiveCfg = Debug|Any CPU
		{385EEBCC-D4DF-4D66-AE79-E29D73D89EF2}.Debug|Any CPU.Build.0 = Debug|Any CPU
		{385EEBCC-D4DF-4D66-AE79-E29D73D89EF2}.Release|Any CPU.ActiveCfg = Release|Any CPU
		{385EEBCC-D4DF-4D66-AE79-E29D73D89EF2}.Release|Any CPU.Build.0 = Release|Any CPU
		{943B3E97-CBA1-4E51-8E36-B622620D5659}.Debug|Any CPU.ActiveCfg = Debug|Any CPU
		{943B3E97-CBA1-4E51-8E36-B622620D5659}.Debug|Any CPU.Build.0 = Debug|Any CPU
		{943B3E97-CBA1-4E51-8E36-B622620D5659}.Release|Any CPU.ActiveCfg = Release|Any CPU
		{943B3E97-CBA1-4E51-8E36-B622620D5659}.Release|Any CPU.Build.0 = Release|Any CPU
		{5B7D28D7-2CDF-4113-8478-F03041ACFA3C}.Debug|Any CPU.ActiveCfg = Debug|Any CPU
		{5B7D28D7-2CDF-4113-8478-F03041ACFA3C}.Debug|Any CPU.Build.0 = Debug|Any CPU
		{5B7D28D7-2CDF-4113-8478-F03041ACFA3C}.Release|Any CPU.ActiveCfg = Release|Any CPU
		{5B7D28D7-2CDF-4113-8478-F03041ACFA3C}.Release|Any CPU.Build.0 = Release|Any CPU
		{BA248F5C-EF6A-4047-977B-D8556F2B7E0B}.Debug|Any CPU.ActiveCfg = Debug|Any CPU
		{BA248F5C-EF6A-4047-977B-D8556F2B7E0B}.Debug|Any CPU.Build.0 = Debug|Any CPU
		{BA248F5C-EF6A-4047-977B-D8556F2B7E0B}.Release|Any CPU.ActiveCfg = Release|Any CPU
		{BA248F5C-EF6A-4047-977B-D8556F2B7E0B}.Release|Any CPU.Build.0 = Release|Any CPU
		{E7EC91E8-BDD9-4F70-BE5A-3751907DDAF6}.Debug|Any CPU.ActiveCfg = Debug|Any CPU
		{E7EC91E8-BDD9-4F70-BE5A-3751907DDAF6}.Debug|Any CPU.Build.0 = Debug|Any CPU
		{E7EC91E8-BDD9-4F70-BE5A-3751907DDAF6}.Release|Any CPU.ActiveCfg = Release|Any CPU
		{E7EC91E8-BDD9-4F70-BE5A-3751907DDAF6}.Release|Any CPU.Build.0 = Release|Any CPU
		{FC0F2DFD-F578-4103-A0A9-A313092CEB43}.Debug|Any CPU.ActiveCfg = Debug|Any CPU
		{FC0F2DFD-F578-4103-A0A9-A313092CEB43}.Debug|Any CPU.Build.0 = Debug|Any CPU
		{FC0F2DFD-F578-4103-A0A9-A313092CEB43}.Release|Any CPU.ActiveCfg = Release|Any CPU
		{FC0F2DFD-F578-4103-A0A9-A313092CEB43}.Release|Any CPU.Build.0 = Release|Any CPU
		{59F90380-3827-4BDA-B78A-87189D4C899F}.Debug|Any CPU.ActiveCfg = Debug|Any CPU
		{59F90380-3827-4BDA-B78A-87189D4C899F}.Debug|Any CPU.Build.0 = Debug|Any CPU
		{59F90380-3827-4BDA-B78A-87189D4C899F}.Release|Any CPU.ActiveCfg = Release|Any CPU
		{59F90380-3827-4BDA-B78A-87189D4C899F}.Release|Any CPU.Build.0 = Release|Any CPU
	EndGlobalSection
	GlobalSection(SolutionProperties) = preSolution
		HideSolutionNode = FALSE
	EndGlobalSection
	GlobalSection(NestedProjects) = preSolution
		{D81D2260-5750-41E1-B645-D21328C93EAE} = {02EA681E-C7D8-13C7-8484-4AC65E1B71E8}
		{99DE2530-0F2E-4DDE-9E46-986CADD6ED51} = {D81D2260-5750-41E1-B645-D21328C93EAE}
		{385EEBCC-D4DF-4D66-AE79-E29D73D89EF2} = {99DE2530-0F2E-4DDE-9E46-986CADD6ED51}
		{943B3E97-CBA1-4E51-8E36-B622620D5659} = {99DE2530-0F2E-4DDE-9E46-986CADD6ED51}
		{5B7D28D7-2CDF-4113-8478-F03041ACFA3C} = {99DE2530-0F2E-4DDE-9E46-986CADD6ED51}
		{BA248F5C-EF6A-4047-977B-D8556F2B7E0B} = {99DE2530-0F2E-4DDE-9E46-986CADD6ED51}
		{E7EC91E8-BDD9-4F70-BE5A-3751907DDAF6} = {99DE2530-0F2E-4DDE-9E46-986CADD6ED51}
		{FC0F2DFD-F578-4103-A0A9-A313092CEB43} = {99DE2530-0F2E-4DDE-9E46-986CADD6ED51}
		{A7A84D91-05E1-43A9-9569-134BFCFB7CA5} = {02EA681E-C7D8-13C7-8484-4AC65E1B71E8}
		{E8C5FCCC-FB67-43F1-91B0-6547BCCE19F6} = {D81D2260-5750-41E1-B645-D21328C93EAE}
		{EF267EE4-CDE7-4BCE-828F-8A1F21BE5FC6} = {D81D2260-5750-41E1-B645-D21328C93EAE}
		{B003025C-048D-4344-AD90-ACBDB40B4170} = {D81D2260-5750-41E1-B645-D21328C93EAE}
		{D079DE76-CA9A-4B40-9D12-D18560B83F0B} = {D81D2260-5750-41E1-B645-D21328C93EAE}
		{148431FF-A92F-4D23-954D-C81F84568610} = {D81D2260-5750-41E1-B645-D21328C93EAE}
		{E328C7F7-4D8A-49F7-B9C4-FE7B1E43AC76} = {D81D2260-5750-41E1-B645-D21328C93EAE}
		{59F90380-3827-4BDA-B78A-87189D4C899F} = {A7A84D91-05E1-43A9-9569-134BFCFB7CA5}
	EndGlobalSection
	GlobalSection(ExtensibilityGlobals) = postSolution
		SolutionGuid = {2512057A-6FC3-429A-A74A-C3CABA58C052}
	EndGlobalSection
EndGlobal
